
Microsoft Visual Studio Solution File, Format Version 10.00
# Visual Studio 2008
Project("{FAE04EC0-301F-11D3-BF4B-00C04F79EFBC}") = "Joystick_Test", "Joystick_Test\Joystick_Test.csproj", "{25C42675-9BD3-4D36-8058-10F6C02DBEAF}"
EndProject
Global
	GlobalSection(SolutionConfigurationPlatforms) = preSolution
		Debug|Any CPU = Debug|Any CPU
		Release|Any CPU = Release|Any CPU
	EndGlobalSection
	GlobalSection(ProjectConfigurationPlatforms) = postSolution
		{25C42675-9BD3-4D36-8058-10F6C02DBEAF}.Debug|Any CPU.ActiveCfg = Debug|Any CPU
		{25C42675-9BD3-4D36-8058-10F6C02DBEAF}.Debug|Any CPU.Build.0 = Debug|Any CPU
		{25C42675-9BD3-4D36-8058-10F6C02DBEAF}.Release|Any CPU.ActiveCfg = Release|Any CPU
		{25C42675-9BD3-4D36-8058-10F6C02DBEAF}.Release|Any CPU.Build.0 = Release|Any CPU
	EndGlobalSection
	GlobalSection(SolutionProperties) = preSolution
		HideSolutionNode = FALSE
	EndGlobalSection
EndGlobal
